
Microsoft Visual Studio Solution File, Format Version 12.00
# Visual Studio 2012
Project("{FAE04EC0-301F-11D3-BF4B-00C04F79EFBC}") = "MyApplicationComponent", "MyApplicationComponent\MyApplicationComponent.csproj", "{AFBD612E-D4EB-449B-A7D7-18D98D25F480}"
EndProject
Project("{FAE04EC0-301F-11D3-BF4B-00C04F79EFBC}") = "MyApplicationComponent.Tests", "MyApplicationComponent.Tests\MyApplicationComponent.Tests.csproj", "{7629A91C-78ED-43CA-A1EF-1EF9952A24AB}"
EndProject
Global
	GlobalSection(SolutionConfigurationPlatforms) = preSolution
		Debug|Any CPU = Debug|Any CPU
		Release|Any CPU = Release|Any CPU
	EndGlobalSection
	GlobalSection(ProjectConfigurationPlatforms) = postSolution
		{7629A91C-78ED-43CA-A1EF-1EF9952A24AB}.Debug|Any CPU.ActiveCfg = Debug|Any CPU
		{7629A91C-78ED-43CA-A1EF-1EF9952A24AB}.Debug|Any CPU.Build.0 = Debug|Any CPU
		{7629A91C-78ED-43CA-A1EF-1EF9952A24AB}.Release|Any CPU.ActiveCfg = Release|Any CPU
		{7629A91C-78ED-43CA-A1EF-1EF9952A24AB}.Release|Any CPU.Build.0 = Release|Any CPU
		{AFBD612E-D4EB-449B-A7D7-18D98D25F480}.Debug|Any CPU.ActiveCfg = Debug|Any CPU
		{AFBD612E-D4EB-449B-A7D7-18D98D25F480}.Debug|Any CPU.Build.0 = Debug|Any CPU
		{AFBD612E-D4EB-449B-A7D7-18D98D25F480}.Release|Any CPU.ActiveCfg = Release|Any CPU
		{AFBD612E-D4EB-449B-A7D7-18D98D25F480}.Release|Any CPU.Build.0 = Release|Any CPU
	EndGlobalSection
	GlobalSection(SolutionProperties) = preSolution
		HideSolutionNode = FALSE
	EndGlobalSection
EndGlobal
